<Solution>
  <Folder Name="/src/">
    <Project Path="src/FlashSale.Api/FlashSale.Api.csproj" />
    <Project Path="src/FlashSale.Application/FlashSale.Application.csproj" />
    <Project Path="src/FlashSale.Domain/FlashSale.Domain.csproj" />
    <Project Path="src/FlashSale.Infrastructure/FlashSale.Infrastructure.csproj" />
  </Folder>
</Solution>
